
Microsoft Visual Studio Solution File, Format Version 12.00
Project("{FAE04EC0-301F-11D3-BF4B-00C04F79EFBC}") = "Producer", "02-02-producer\Producer.csproj", "{C66804A2-C999-4395-AE4D-08A2E18D14AA}"
EndProject
Project("{FAE04EC0-301F-11D3-BF4B-00C04F79EFBC}") = "Consumer", "02-03-consumer\Consumer.csproj", "{634DFEBD-C174-4C77-9425-21CF6C1B55F2}"
EndProject
Project("{2150E333-8FDC-42A3-9474-1A3956D46DE8}") = "02-02", "02-02", "{0E3A8B5E-8239-436D-9157-EAF2A5CB00E4}"
EndProject
Project("{2150E333-8FDC-42A3-9474-1A3956D46DE8}") = "02-03", "02-03", "{45EF1F44-7339-434D-800A-14AD2352007B}"
EndProject
Project("{2150E333-8FDC-42A3-9474-1A3956D46DE8}") = "02-06", "02-06", "{3CD1D0A9-3166-488A-A8E2-DF84A7268419}"
EndProject
Project("{FAE04EC0-301F-11D3-BF4B-00C04F79EFBC}") = "Consumer", "02-06-partitions\Consumer\Consumer.csproj", "{BDA71AAB-C9B6-4A24-B6FF-1DFBD0DAC8AD}"
EndProject
Project("{FAE04EC0-301F-11D3-BF4B-00C04F79EFBC}") = "Producer", "02-06-partitions\Producer\Producer.csproj", "{3D973FD0-74B2-4532-84CB-8D7925208444}"
EndProject
Project("{2150E333-8FDC-42A3-9474-1A3956D46DE8}") = "Common", "Common", "{8B689337-CCF2-40AD-9001-4D557F6C7717}"
	ProjectSection(SolutionItems) = preProject
		..\docker-compose.yml = ..\docker-compose.yml
		..\docker-compose-connect.yml = ..\docker-compose-connect.yml
		..\connector-postgres-source.json = ..\connector-postgres-source.json
		..\init.sql = ..\init.sql
		..\connector-mongodb-sink.json = ..\connector-mongodb-sink.json
	EndProjectSection
EndProject
Project("{2150E333-8FDC-42A3-9474-1A3956D46DE8}") = "03-01", "03-01", "{B82DB16B-44C5-4A55-881E-E8517723E8A4}"
EndProject
Project("{FAE04EC0-301F-11D3-BF4B-00C04F79EFBC}") = "Producer", "03-01-acks\Producer\Producer.csproj", "{19C9AEE6-1242-482E-B7D9-24919EB28EDA}"
EndProject
Project("{2150E333-8FDC-42A3-9474-1A3956D46DE8}") = "03-02", "03-02", "{FC287BF4-C60F-431E-874E-514350DC2E19}"
EndProject
Project("{FAE04EC0-301F-11D3-BF4B-00C04F79EFBC}") = "Producer", "03-02-buffer-linger\Producer\Producer.csproj", "{F1EA7E72-783C-4FE7-9B7F-B2AD4CB9364D}"
EndProject
Project("{2150E333-8FDC-42A3-9474-1A3956D46DE8}") = "03-03", "03-03", "{FFBE72AE-8594-430B-AEE0-C7E27CE6654D}"
EndProject
Project("{2150E333-8FDC-42A3-9474-1A3956D46DE8}") = "03-04", "03-04", "{4748715F-19F5-4D41-9A1A-E7183D26F700}"
EndProject
Project("{FAE04EC0-301F-11D3-BF4B-00C04F79EFBC}") = "Producer", "03-03-retries\Producer\Producer.csproj", "{02829379-3E29-4ABE-A42A-9BE65DA3FF1F}"
EndProject
Project("{FAE04EC0-301F-11D3-BF4B-00C04F79EFBC}") = "Producer", "03-04-max-in-flight\Producer\Producer.csproj", "{BB8B2794-3687-4844-A25B-320384B55522}"
EndProject
Project("{2150E333-8FDC-42A3-9474-1A3956D46DE8}") = "03-05", "03-05", "{DBD6793B-297A-4FCC-B4E8-A7B95DE09126}"
EndProject
Project("{FAE04EC0-301F-11D3-BF4B-00C04F79EFBC}") = "Producer", "03-05-idempotencia\Producer\Producer.csproj", "{B14D2C4C-AB5B-4A13-A906-D70BD97963A8}"
EndProject
Project("{2150E333-8FDC-42A3-9474-1A3956D46DE8}") = "04-02", "04-02", "{902E4B3F-B228-44DF-B7A2-C6983B6409BD}"
EndProject
Project("{FAE04EC0-301F-11D3-BF4B-00C04F79EFBC}") = "Producer", "04-02-heartbeats\Producer\Producer.csproj", "{7AC1AA3A-C249-43FD-AEC1-375C15960720}"
EndProject
Project("{FAE04EC0-301F-11D3-BF4B-00C04F79EFBC}") = "Consumer", "04-02-heartbeats\Consumer\Consumer.csproj", "{88718056-1859-4A54-BB02-3BB26CFE0356}"
EndProject
Project("{2150E333-8FDC-42A3-9474-1A3956D46DE8}") = "04-03", "04-03", "{72F8E043-93D6-433E-BED2-BAECA3CCC65F}"
EndProject
Project("{FAE04EC0-301F-11D3-BF4B-00C04F79EFBC}") = "Consumer", "04-03-commit\Consumer\Consumer.csproj", "{2D5B8192-CBB9-4C5B-A9A8-BEEB190EA998}"
EndProject
Project("{FAE04EC0-301F-11D3-BF4B-00C04F79EFBC}") = "Producer", "04-03-commit\Producer\Producer.csproj", "{8A7AAD8A-C5BB-4E89-B952-E80AAC3F06F1}"
EndProject
Project("{2150E333-8FDC-42A3-9474-1A3956D46DE8}") = "04-04", "04-04", "{7ACD7149-96DC-446D-A21A-C1C5D3D22D4A}"
EndProject
Project("{FAE04EC0-301F-11D3-BF4B-00C04F79EFBC}") = "Consumer", "04-04-store-offset\Consumer\Consumer.csproj", "{B3A9AC3A-FCE6-4F35-B3C3-B5387865C51D}"
EndProject
Project("{FAE04EC0-301F-11D3-BF4B-00C04F79EFBC}") = "Producer", "04-04-store-offset\Producer\Producer.csproj", "{F6F0CACD-8B29-4F7C-B0C1-2FC73374B612}"
EndProject
Project("{2150E333-8FDC-42A3-9474-1A3956D46DE8}") = "03-06", "03-06", "{5DA15949-BCA4-470C-A137-B8D6DF8CCD30}"
EndProject
Project("{FAE04EC0-301F-11D3-BF4B-00C04F79EFBC}") = "Producer", "03-06-serializer\Producer\Producer.csproj", "{60D281B0-EF6D-48EE-B8E5-F37E5F86F0BF}"
EndProject
Project("{2150E333-8FDC-42A3-9474-1A3956D46DE8}") = "04-06", "04-06", "{218F1695-B97F-4BEF-BC55-9624C040FCE0}"
EndProject
Project("{FAE04EC0-301F-11D3-BF4B-00C04F79EFBC}") = "Consumer", "04-06-deserializer\Consumer\Consumer.csproj", "{42F6DD9F-6172-439A-82C8-7D2D4C302CFB}"
EndProject
Project("{FAE04EC0-301F-11D3-BF4B-00C04F79EFBC}") = "Producer", "04-06-deserializer\Producer\Producer.csproj", "{810380DF-E5D7-4D64-B491-DCF3213B7725}"
EndProject
Project("{2150E333-8FDC-42A3-9474-1A3956D46DE8}") = "04-05", "04-05", "{FD8563FB-D100-45F5-B572-376D2F8BDECC}"
EndProject
Project("{FAE04EC0-301F-11D3-BF4B-00C04F79EFBC}") = "Consumer", "04-05-auto-offset-reset\Consumer\Consumer.csproj", "{C43D8667-D878-41D0-9885-355EDDF44E66}"
EndProject
Project("{FAE04EC0-301F-11D3-BF4B-00C04F79EFBC}") = "Producer", "04-05-auto-offset-reset\Producer\Producer.csproj", "{2FADA5CF-59C3-4FE6-9813-805DBE6733C7}"
EndProject
Project("{2150E333-8FDC-42A3-9474-1A3956D46DE8}") = "03-07", "03-07", "{F91E7EFC-CAD2-4446-9F9A-136566DD2186}"
EndProject
Project("{FAE04EC0-301F-11D3-BF4B-00C04F79EFBC}") = "Producer", "03-07-compression\Producer\Producer.csproj", "{AB447753-3B4D-44A1-A71B-03FF349B2D56}"
EndProject
Project("{2150E333-8FDC-42A3-9474-1A3956D46DE8}") = "05-04", "05-04", "{CE6204A9-0A83-40D9-BCAD-9415B6F1270C}"
EndProject
Project("{2150E333-8FDC-42A3-9474-1A3956D46DE8}") = "05-05", "05-05", "{F7F7BF5B-E036-49A2-B304-5CDC705441C8}"
EndProject
Project("{FAE04EC0-301F-11D3-BF4B-00C04F79EFBC}") = "Consumer", "05-04-avrogen\Consumer\Consumer.csproj", "{BA4DD6A6-FDD1-42AA-AF01-A83661F5B522}"
EndProject
Project("{FAE04EC0-301F-11D3-BF4B-00C04F79EFBC}") = "Producer", "05-04-avrogen\Producer\Producer.csproj", "{0B3B7B23-42A6-4988-9A92-AAF915789502}"
EndProject
Project("{FAE04EC0-301F-11D3-BF4B-00C04F79EFBC}") = "Consumer", "05-05-producer-avro\Consumer\Consumer.csproj", "{7671DE10-52CB-4C56-9763-11ADECCC5280}"
EndProject
Project("{FAE04EC0-301F-11D3-BF4B-00C04F79EFBC}") = "Producer", "05-05-producer-avro\Producer\Producer.csproj", "{C3E5030D-9B00-41DF-9E52-FB36F8197E90}"
EndProject
Project("{2150E333-8FDC-42A3-9474-1A3956D46DE8}") = "05-06", "05-06", "{5DA1FC8B-C3BE-4AB8-8C5F-A25CABFDEED4}"
EndProject
Project("{FAE04EC0-301F-11D3-BF4B-00C04F79EFBC}") = "Consumer", "05-06-consumer-avro\Consumer\Consumer.csproj", "{CBFD13BE-58EB-403F-8CCC-6146D34BA7D2}"
EndProject
Project("{FAE04EC0-301F-11D3-BF4B-00C04F79EFBC}") = "Producer", "05-06-consumer-avro\Producer\Producer.csproj", "{BB6F2CFE-55A0-42C5-8BD0-4344BA21BEBC}"
EndProject
Global
	GlobalSection(SolutionConfigurationPlatforms) = preSolution
		Debug|Any CPU = Debug|Any CPU
		Release|Any CPU = Release|Any CPU
	EndGlobalSection
	GlobalSection(ProjectConfigurationPlatforms) = postSolution
		{C66804A2-C999-4395-AE4D-08A2E18D14AA}.Debug|Any CPU.ActiveCfg = Debug|Any CPU
		{C66804A2-C999-4395-AE4D-08A2E18D14AA}.Debug|Any CPU.Build.0 = Debug|Any CPU
		{C66804A2-C999-4395-AE4D-08A2E18D14AA}.Release|Any CPU.ActiveCfg = Release|Any CPU
		{C66804A2-C999-4395-AE4D-08A2E18D14AA}.Release|Any CPU.Build.0 = Release|Any CPU
		{634DFEBD-C174-4C77-9425-21CF6C1B55F2}.Debug|Any CPU.ActiveCfg = Debug|Any CPU
		{634DFEBD-C174-4C77-9425-21CF6C1B55F2}.Debug|Any CPU.Build.0 = Debug|Any CPU
		{634DFEBD-C174-4C77-9425-21CF6C1B55F2}.Release|Any CPU.ActiveCfg = Release|Any CPU
		{634DFEBD-C174-4C77-9425-21CF6C1B55F2}.Release|Any CPU.Build.0 = Release|Any CPU
		{BDA71AAB-C9B6-4A24-B6FF-1DFBD0DAC8AD}.Debug|Any CPU.ActiveCfg = Debug|Any CPU
		{BDA71AAB-C9B6-4A24-B6FF-1DFBD0DAC8AD}.Debug|Any CPU.Build.0 = Debug|Any CPU
		{BDA71AAB-C9B6-4A24-B6FF-1DFBD0DAC8AD}.Release|Any CPU.ActiveCfg = Release|Any CPU
		{BDA71AAB-C9B6-4A24-B6FF-1DFBD0DAC8AD}.Release|Any CPU.Build.0 = Release|Any CPU
		{3D973FD0-74B2-4532-84CB-8D7925208444}.Debug|Any CPU.ActiveCfg = Debug|Any CPU
		{3D973FD0-74B2-4532-84CB-8D7925208444}.Debug|Any CPU.Build.0 = Debug|Any CPU
		{3D973FD0-74B2-4532-84CB-8D7925208444}.Release|Any CPU.ActiveCfg = Release|Any CPU
		{3D973FD0-74B2-4532-84CB-8D7925208444}.Release|Any CPU.Build.0 = Release|Any CPU
		{19C9AEE6-1242-482E-B7D9-24919EB28EDA}.Debug|Any CPU.ActiveCfg = Debug|Any CPU
		{19C9AEE6-1242-482E-B7D9-24919EB28EDA}.Debug|Any CPU.Build.0 = Debug|Any CPU
		{19C9AEE6-1242-482E-B7D9-24919EB28EDA}.Release|Any CPU.ActiveCfg = Release|Any CPU
		{19C9AEE6-1242-482E-B7D9-24919EB28EDA}.Release|Any CPU.Build.0 = Release|Any CPU
		{F1EA7E72-783C-4FE7-9B7F-B2AD4CB9364D}.Debug|Any CPU.ActiveCfg = Debug|Any CPU
		{F1EA7E72-783C-4FE7-9B7F-B2AD4CB9364D}.Debug|Any CPU.Build.0 = Debug|Any CPU
		{F1EA7E72-783C-4FE7-9B7F-B2AD4CB9364D}.Release|Any CPU.ActiveCfg = Release|Any CPU
		{F1EA7E72-783C-4FE7-9B7F-B2AD4CB9364D}.Release|Any CPU.Build.0 = Release|Any CPU
		{02829379-3E29-4ABE-A42A-9BE65DA3FF1F}.Debug|Any CPU.ActiveCfg = Debug|Any CPU
		{02829379-3E29-4ABE-A42A-9BE65DA3FF1F}.Debug|Any CPU.Build.0 = Debug|Any CPU
		{02829379-3E29-4ABE-A42A-9BE65DA3FF1F}.Release|Any CPU.ActiveCfg = Release|Any CPU
		{02829379-3E29-4ABE-A42A-9BE65DA3FF1F}.Release|Any CPU.Build.0 = Release|Any CPU
		{BB8B2794-3687-4844-A25B-320384B55522}.Debug|Any CPU.ActiveCfg = Debug|Any CPU
		{BB8B2794-3687-4844-A25B-320384B55522}.Debug|Any CPU.Build.0 = Debug|Any CPU
		{BB8B2794-3687-4844-A25B-320384B55522}.Release|Any CPU.ActiveCfg = Release|Any CPU
		{BB8B2794-3687-4844-A25B-320384B55522}.Release|Any CPU.Build.0 = Release|Any CPU
		{B14D2C4C-AB5B-4A13-A906-D70BD97963A8}.Debug|Any CPU.ActiveCfg = Debug|Any CPU
		{B14D2C4C-AB5B-4A13-A906-D70BD97963A8}.Debug|Any CPU.Build.0 = Debug|Any CPU
		{B14D2C4C-AB5B-4A13-A906-D70BD97963A8}.Release|Any CPU.ActiveCfg = Release|Any CPU
		{B14D2C4C-AB5B-4A13-A906-D70BD97963A8}.Release|Any CPU.Build.0 = Release|Any CPU
		{7AC1AA3A-C249-43FD-AEC1-375C15960720}.Debug|Any CPU.ActiveCfg = Debug|Any CPU
		{7AC1AA3A-C249-43FD-AEC1-375C15960720}.Debug|Any CPU.Build.0 = Debug|Any CPU
		{7AC1AA3A-C249-43FD-AEC1-375C15960720}.Release|Any CPU.ActiveCfg = Release|Any CPU
		{7AC1AA3A-C249-43FD-AEC1-375C15960720}.Release|Any CPU.Build.0 = Release|Any CPU
		{88718056-1859-4A54-BB02-3BB26CFE0356}.Debug|Any CPU.ActiveCfg = Debug|Any CPU
		{88718056-1859-4A54-BB02-3BB26CFE0356}.Debug|Any CPU.Build.0 = Debug|Any CPU
		{88718056-1859-4A54-BB02-3BB26CFE0356}.Release|Any CPU.ActiveCfg = Release|Any CPU
		{88718056-1859-4A54-BB02-3BB26CFE0356}.Release|Any CPU.Build.0 = Release|Any CPU
		{2D5B8192-CBB9-4C5B-A9A8-BEEB190EA998}.Debug|Any CPU.ActiveCfg = Debug|Any CPU
		{2D5B8192-CBB9-4C5B-A9A8-BEEB190EA998}.Debug|Any CPU.Build.0 = Debug|Any CPU
		{2D5B8192-CBB9-4C5B-A9A8-BEEB190EA998}.Release|Any CPU.ActiveCfg = Release|Any CPU
		{2D5B8192-CBB9-4C5B-A9A8-BEEB190EA998}.Release|Any CPU.Build.0 = Release|Any CPU
		{8A7AAD8A-C5BB-4E89-B952-E80AAC3F06F1}.Debug|Any CPU.ActiveCfg = Debug|Any CPU
		{8A7AAD8A-C5BB-4E89-B952-E80AAC3F06F1}.Debug|Any CPU.Build.0 = Debug|Any CPU
		{8A7AAD8A-C5BB-4E89-B952-E80AAC3F06F1}.Release|Any CPU.ActiveCfg = Release|Any CPU
		{8A7AAD8A-C5BB-4E89-B952-E80AAC3F06F1}.Release|Any CPU.Build.0 = Release|Any CPU
		{B3A9AC3A-FCE6-4F35-B3C3-B5387865C51D}.Debug|Any CPU.ActiveCfg = Debug|Any CPU
		{B3A9AC3A-FCE6-4F35-B3C3-B5387865C51D}.Debug|Any CPU.Build.0 = Debug|Any CPU
		{B3A9AC3A-FCE6-4F35-B3C3-B5387865C51D}.Release|Any CPU.ActiveCfg = Release|Any CPU
		{B3A9AC3A-FCE6-4F35-B3C3-B5387865C51D}.Release|Any CPU.Build.0 = Release|Any CPU
		{F6F0CACD-8B29-4F7C-B0C1-2FC73374B612}.Debug|Any CPU.ActiveCfg = Debug|Any CPU
		{F6F0CACD-8B29-4F7C-B0C1-2FC73374B612}.Debug|Any CPU.Build.0 = Debug|Any CPU
		{F6F0CACD-8B29-4F7C-B0C1-2FC73374B612}.Release|Any CPU.ActiveCfg = Release|Any CPU
		{F6F0CACD-8B29-4F7C-B0C1-2FC73374B612}.Release|Any CPU.Build.0 = Release|Any CPU
		{60D281B0-EF6D-48EE-B8E5-F37E5F86F0BF}.Debug|Any CPU.ActiveCfg = Debug|Any CPU
		{60D281B0-EF6D-48EE-B8E5-F37E5F86F0BF}.Debug|Any CPU.Build.0 = Debug|Any CPU
		{60D281B0-EF6D-48EE-B8E5-F37E5F86F0BF}.Release|Any CPU.ActiveCfg = Release|Any CPU
		{60D281B0-EF6D-48EE-B8E5-F37E5F86F0BF}.Release|Any CPU.Build.0 = Release|Any CPU
		{42F6DD9F-6172-439A-82C8-7D2D4C302CFB}.Debug|Any CPU.ActiveCfg = Debug|Any CPU
		{42F6DD9F-6172-439A-82C8-7D2D4C302CFB}.Debug|Any CPU.Build.0 = Debug|Any CPU
		{42F6DD9F-6172-439A-82C8-7D2D4C302CFB}.Release|Any CPU.ActiveCfg = Release|Any CPU
		{42F6DD9F-6172-439A-82C8-7D2D4C302CFB}.Release|Any CPU.Build.0 = Release|Any CPU
		{810380DF-E5D7-4D64-B491-DCF3213B7725}.Debug|Any CPU.ActiveCfg = Debug|Any CPU
		{810380DF-E5D7-4D64-B491-DCF3213B7725}.Debug|Any CPU.Build.0 = Debug|Any CPU
		{810380DF-E5D7-4D64-B491-DCF3213B7725}.Release|Any CPU.ActiveCfg = Release|Any CPU
		{810380DF-E5D7-4D64-B491-DCF3213B7725}.Release|Any CPU.Build.0 = Release|Any CPU
		{C43D8667-D878-41D0-9885-355EDDF44E66}.Debug|Any CPU.ActiveCfg = Debug|Any CPU
		{C43D8667-D878-41D0-9885-355EDDF44E66}.Debug|Any CPU.Build.0 = Debug|Any CPU
		{C43D8667-D878-41D0-9885-355EDDF44E66}.Release|Any CPU.ActiveCfg = Release|Any CPU
		{C43D8667-D878-41D0-9885-355EDDF44E66}.Release|Any CPU.Build.0 = Release|Any CPU
		{2FADA5CF-59C3-4FE6-9813-805DBE6733C7}.Debug|Any CPU.ActiveCfg = Debug|Any CPU
		{2FADA5CF-59C3-4FE6-9813-805DBE6733C7}.Debug|Any CPU.Build.0 = Debug|Any CPU
		{2FADA5CF-59C3-4FE6-9813-805DBE6733C7}.Release|Any CPU.ActiveCfg = Release|Any CPU
		{2FADA5CF-59C3-4FE6-9813-805DBE6733C7}.Release|Any CPU.Build.0 = Release|Any CPU
		{AB447753-3B4D-44A1-A71B-03FF349B2D56}.Debug|Any CPU.ActiveCfg = Debug|Any CPU
		{AB447753-3B4D-44A1-A71B-03FF349B2D56}.Debug|Any CPU.Build.0 = Debug|Any CPU
		{AB447753-3B4D-44A1-A71B-03FF349B2D56}.Release|Any CPU.ActiveCfg = Release|Any CPU
		{AB447753-3B4D-44A1-A71B-03FF349B2D56}.Release|Any CPU.Build.0 = Release|Any CPU
		{BA4DD6A6-FDD1-42AA-AF01-A83661F5B522}.Debug|Any CPU.ActiveCfg = Debug|Any CPU
		{BA4DD6A6-FDD1-42AA-AF01-A83661F5B522}.Debug|Any CPU.Build.0 = Debug|Any CPU
		{BA4DD6A6-FDD1-42AA-AF01-A83661F5B522}.Release|Any CPU.ActiveCfg = Release|Any CPU
		{BA4DD6A6-FDD1-42AA-AF01-A83661F5B522}.Release|Any CPU.Build.0 = Release|Any CPU
		{0B3B7B23-42A6-4988-9A92-AAF915789502}.Debug|Any CPU.ActiveCfg = Debug|Any CPU
		{0B3B7B23-42A6-4988-9A92-AAF915789502}.Debug|Any CPU.Build.0 = Debug|Any CPU
		{0B3B7B23-42A6-4988-9A92-AAF915789502}.Release|Any CPU.ActiveCfg = Release|Any CPU
		{0B3B7B23-42A6-4988-9A92-AAF915789502}.Release|Any CPU.Build.0 = Release|Any CPU
		{7671DE10-52CB-4C56-9763-11ADECCC5280}.Debug|Any CPU.ActiveCfg = Debug|Any CPU
		{7671DE10-52CB-4C56-9763-11ADECCC5280}.Debug|Any CPU.Build.0 = Debug|Any CPU
		{7671DE10-52CB-4C56-9763-11ADECCC5280}.Release|Any CPU.ActiveCfg = Release|Any CPU
		{7671DE10-52CB-4C56-9763-11ADECCC5280}.Release|Any CPU.Build.0 = Release|Any CPU
		{C3E5030D-9B00-41DF-9E52-FB36F8197E90}.Debug|Any CPU.ActiveCfg = Debug|Any CPU
		{C3E5030D-9B00-41DF-9E52-FB36F8197E90}.Debug|Any CPU.Build.0 = Debug|Any CPU
		{C3E5030D-9B00-41DF-9E52-FB36F8197E90}.Release|Any CPU.ActiveCfg = Release|Any CPU
		{C3E5030D-9B00-41DF-9E52-FB36F8197E90}.Release|Any CPU.Build.0 = Release|Any CPU
		{CBFD13BE-58EB-403F-8CCC-6146D34BA7D2}.Debug|Any CPU.ActiveCfg = Debug|Any CPU
		{CBFD13BE-58EB-403F-8CCC-6146D34BA7D2}.Debug|Any CPU.Build.0 = Debug|Any CPU
		{CBFD13BE-58EB-403F-8CCC-6146D34BA7D2}.Release|Any CPU.ActiveCfg = Release|Any CPU
		{CBFD13BE-58EB-403F-8CCC-6146D34BA7D2}.Release|Any CPU.Build.0 = Release|Any CPU
		{BB6F2CFE-55A0-42C5-8BD0-4344BA21BEBC}.Debug|Any CPU.ActiveCfg = Debug|Any CPU
		{BB6F2CFE-55A0-42C5-8BD0-4344BA21BEBC}.Debug|Any CPU.Build.0 = Debug|Any CPU
		{BB6F2CFE-55A0-42C5-8BD0-4344BA21BEBC}.Release|Any CPU.ActiveCfg = Release|Any CPU
		{BB6F2CFE-55A0-42C5-8BD0-4344BA21BEBC}.Release|Any CPU.Build.0 = Release|Any CPU
	EndGlobalSection
	GlobalSection(NestedProjects) = preSolution
		{C66804A2-C999-4395-AE4D-08A2E18D14AA} = {0E3A8B5E-8239-436D-9157-EAF2A5CB00E4}
		{634DFEBD-C174-4C77-9425-21CF6C1B55F2} = {45EF1F44-7339-434D-800A-14AD2352007B}
		{BDA71AAB-C9B6-4A24-B6FF-1DFBD0DAC8AD} = {3CD1D0A9-3166-488A-A8E2-DF84A7268419}
		{3D973FD0-74B2-4532-84CB-8D7925208444} = {3CD1D0A9-3166-488A-A8E2-DF84A7268419}
		{19C9AEE6-1242-482E-B7D9-24919EB28EDA} = {B82DB16B-44C5-4A55-881E-E8517723E8A4}
		{F1EA7E72-783C-4FE7-9B7F-B2AD4CB9364D} = {FC287BF4-C60F-431E-874E-514350DC2E19}
		{02829379-3E29-4ABE-A42A-9BE65DA3FF1F} = {FFBE72AE-8594-430B-AEE0-C7E27CE6654D}
		{BB8B2794-3687-4844-A25B-320384B55522} = {4748715F-19F5-4D41-9A1A-E7183D26F700}
		{B14D2C4C-AB5B-4A13-A906-D70BD97963A8} = {DBD6793B-297A-4FCC-B4E8-A7B95DE09126}
		{7AC1AA3A-C249-43FD-AEC1-375C15960720} = {902E4B3F-B228-44DF-B7A2-C6983B6409BD}
		{88718056-1859-4A54-BB02-3BB26CFE0356} = {902E4B3F-B228-44DF-B7A2-C6983B6409BD}
		{2D5B8192-CBB9-4C5B-A9A8-BEEB190EA998} = {72F8E043-93D6-433E-BED2-BAECA3CCC65F}
		{8A7AAD8A-C5BB-4E89-B952-E80AAC3F06F1} = {72F8E043-93D6-433E-BED2-BAECA3CCC65F}
		{B3A9AC3A-FCE6-4F35-B3C3-B5387865C51D} = {7ACD7149-96DC-446D-A21A-C1C5D3D22D4A}
		{F6F0CACD-8B29-4F7C-B0C1-2FC73374B612} = {7ACD7149-96DC-446D-A21A-C1C5D3D22D4A}
		{60D281B0-EF6D-48EE-B8E5-F37E5F86F0BF} = {5DA15949-BCA4-470C-A137-B8D6DF8CCD30}
		{42F6DD9F-6172-439A-82C8-7D2D4C302CFB} = {218F1695-B97F-4BEF-BC55-9624C040FCE0}
		{810380DF-E5D7-4D64-B491-DCF3213B7725} = {218F1695-B97F-4BEF-BC55-9624C040FCE0}
		{C43D8667-D878-41D0-9885-355EDDF44E66} = {FD8563FB-D100-45F5-B572-376D2F8BDECC}
		{2FADA5CF-59C3-4FE6-9813-805DBE6733C7} = {FD8563FB-D100-45F5-B572-376D2F8BDECC}
		{AB447753-3B4D-44A1-A71B-03FF349B2D56} = {F91E7EFC-CAD2-4446-9F9A-136566DD2186}
		{BA4DD6A6-FDD1-42AA-AF01-A83661F5B522} = {CE6204A9-0A83-40D9-BCAD-9415B6F1270C}
		{0B3B7B23-42A6-4988-9A92-AAF915789502} = {CE6204A9-0A83-40D9-BCAD-9415B6F1270C}
		{7671DE10-52CB-4C56-9763-11ADECCC5280} = {F7F7BF5B-E036-49A2-B304-5CDC705441C8}
		{C3E5030D-9B00-41DF-9E52-FB36F8197E90} = {F7F7BF5B-E036-49A2-B304-5CDC705441C8}
		{CBFD13BE-58EB-403F-8CCC-6146D34BA7D2} = {5DA1FC8B-C3BE-4AB8-8C5F-A25CABFDEED4}
		{BB6F2CFE-55A0-42C5-8BD0-4344BA21BEBC} = {5DA1FC8B-C3BE-4AB8-8C5F-A25CABFDEED4}
	EndGlobalSection
EndGlobal
